// !$*UTF8*$!
{
	archiveVersion = 1;
	classes = {
	};
	objectVersion = 56;
	objects = {

/* Begin PBXBuildFile section */
		4CBFD2552AE00FBA0057635D /* ShopDemoApp.swift in Sources */ = {isa = PBXBuildFile; fileRef = 4CBFD2542AE00FBA0057635D /* ShopDemoApp.swift */; };
		4CBFD2572AE00FBA0057635D /* ContentView.swift in Sources */ = {isa = PBXBuildFile; fileRef = 4CBFD2562AE00FBA0057635D /* ContentView.swift */; };
		4CBFD2592AE00FBC0057635D /* Assets.xcassets in Resources */ = {isa = PBXBuildFile; fileRef = 4CBFD2582AE00FBC0057635D /* Assets.xcassets */; };
		4CBFD25C2AE00FBC0057635D /* Preview Assets.xcassets in Resources */ = {isa = PBXBuildFile; fileRef = 4CBFD25B2AE00FBC0057635D /* Preview Assets.xcassets */; };
		4CBFD2662AE00FBC0057635D /* ShopDemoTests.swift in Sources */ = {isa = PBXBuildFile; fileRef = 4CBFD2652AE00FBC0057635D /* ShopDemoTests.swift */; };
		4CBFD2702AE00FBC0057635D /* ShopDemoUITests.swift in Sources */ = {isa = PBXBuildFile; fileRef = 4CBFD26F2AE00FBC0057635D /* ShopDemoUITests.swift */; };
		4CBFD2722AE00FBC0057635D /* ShopDemoUITestsLaunchTests.swift in Sources */ = {isa = PBXBuildFile; fileRef = 4CBFD2712AE00FBC0057635D /* ShopDemoUITestsLaunchTests.swift */; };
		4CBFD27F2AE012FC0057635D /* CarouselView.swift in Sources */ = {isa = PBXBuildFile; fileRef = 4CBFD27E2AE012FC0057635D /* CarouselView.swift */; };
		4CBFD2812AE0131B0057635D /* ShopView.swift in Sources */ = {isa = PBXBuildFile; fileRef = 4CBFD2802AE0131B0057635D /* ShopView.swift */; };
/* End PBXBuildFile section */

/* Begin PBXContainerItemProxy section */
		4CBFD2622AE00FBC0057635D /* PBXContainerItemProxy */ = {
			isa = PBXContainerItemProxy;
			containerPortal = 4CBFD2492AE00FBA0057635D /* Project object */;
			proxyType = 1;
			remoteGlobalIDString = 4CBFD2502AE00FBA0057635D;
			remoteInfo = ShopDemo;
		};
		4CBFD26C2AE00FBC0057635D /* PBXContainerItemProxy */ = {
			isa = PBXContainerItemProxy;
			containerPortal = 4CBFD2492AE00FBA0057635D /* Project object */;
			proxyType = 1;
			remoteGlobalIDString = 4CBFD2502AE00FBA0057635D;
			remoteInfo = ShopDemo;
		};
/* End PBXContainerItemProxy section */

/* Begin PBXFileReference section */
		4CBFD2512AE00FBA0057635D /* ShopDemo.app */ = {isa = PBXFileReference; explicitFileType = wrapper.application; includeInIndex = 0; path = ShopDemo.app; sourceTree = BUILT_PRODUCTS_DIR; };
		4CBFD2542AE00FBA0057635D /* ShopDemoApp.swift */ = {isa = PBXFileReference; lastKnownFileType = sourcecode.swift; path = ShopDemoApp.swift; sourceTree = "<group>"; };
		4CBFD2562AE00FBA0057635D /* ContentView.swift */ = {isa = PBXFileReference; lastKnownFileType = sourcecode.swift; path = ContentView.swift; sourceTree = "<group>"; };
		4CBFD2582AE00FBC0057635D /* Assets.xcassets */ = {isa = PBXFileReference; lastKnownFileType = folder.assetcatalog; path = Assets.xcassets; sourceTree = "<group>"; };
		4CBFD25B2AE00FBC0057635D /* Preview Assets.xcassets */ = {isa = PBXFileReference; lastKnownFileType = folder.assetcatalog; path = "Preview Assets.xcassets"; sourceTree = "<group>"; };
		4CBFD2612AE00FBC0057635D /* ShopDemoTests.xctest */ = {isa = PBXFileReference; explicitFileType = wrapper.cfbundle; includeInIndex = 0; path = ShopDemoTests.xctest; sourceTree = BUILT_PRODUCTS_DIR; };
		4CBFD2652AE00FBC0057635D /* ShopDemoTests.swift */ = {isa = PBXFileReference; lastKnownFileType = sourcecode.swift; path = ShopDemoTests.swift; sourceTree = "<group>"; };
		4CBFD26B2AE00FBC0057635D /* ShopDemoUITests.xctest */ = {isa = PBXFileReference; explicitFileType = wrapper.cfbundle; includeInIndex = 0; path = ShopDemoUITests.xctest; sourceTree = BUILT_PRODUCTS_DIR; };
		4CBFD26F2AE00FBC0057635D /* ShopDemoUITests.swift */ = {isa = PBXFileReference; lastKnownFileType = sourcecode.swift; path = ShopDemoUITests.swift; sourceTree = "<group>"; };
		4CBFD2712AE00FBC0057635D /* ShopDemoUITestsLaunchTests.swift */ = {isa = PBXFileReference; lastKnownFileType = sourcecode.swift; path = ShopDemoUITestsLaunchTests.swift; sourceTree = "<group>"; };
		4CBFD27E2AE012FC0057635D /* CarouselView.swift */ = {isa = PBXFileReference; lastKnownFileType = sourcecode.swift; path = CarouselView.swift; sourceTree = "<group>"; };
		4CBFD2802AE0131B0057635D /* ShopView.swift */ = {isa = PBXFileReference; lastKnownFileType = sourcecode.swift; path = ShopView.swift; sourceTree = "<group>"; };
/* End PBXFileReference section */

/* Begin PBXFrameworksBuildPhase section */
		4CBFD24E2AE00FBA0057635D /* Frameworks */ = {
			isa = PBXFrameworksBuildPhase;
			buildActionMask = 2147483647;
			files = (
			);
			runOnlyForDeploymentPostprocessing = 0;
		};
		4CBFD25E2AE00FBC0057635D /* Frameworks */ = {
			isa = PBXFrameworksBuildPhase;
			buildActionMask = 2147483647;
			files = (
			);
			runOnlyForDeploymentPostprocessing = 0;
		};
		4CBFD2682AE00FBC0057635D /* Frameworks */ = {
			isa = PBXFrameworksBuildPhase;
			buildActionMask = 2147483647;
			files = (
			);
			runOnlyForDeploymentPostprocessing = 0;
		};
/* End PBXFrameworksBuildPhase section */

/* Begin PBXGroup section */
		4CBFD2482AE00FBA0057635D = {
			isa = PBXGroup;
			children = (
				4CBFD2532AE00FBA0057635D /* ShopDemo */,
				4CBFD2642AE00FBC0057635D /* ShopDemoTests */,
				4CBFD26E2AE00FBC0057635D /* ShopDemoUITests */,
				4CBFD2522AE00FBA0057635D /* Products */,
			);
			sourceTree = "<group>";
		};
		4CBFD2522AE00FBA0057635D /* Products */ = {
			isa = PBXGroup;
			children = (
				4CBFD2512AE00FBA0057635D /* ShopDemo.app */,
				4CBFD2612AE00FBC0057635D /* ShopDemoTests.xctest */,
				4CBFD26B2AE00FBC0057635D /* ShopDemoUITests.xctest */,
			);
			name = Products;
			sourceTree = "<group>";
		};
		4CBFD2532AE00FBA0057635D /* ShopDemo */ = {
			isa = PBXGroup;
			children = (
				4CBFD2542AE00FBA0057635D /* ShopDemoApp.swift */,
				4CBFD2562AE00FBA0057635D /* ContentView.swift */,
				4CBFD2582AE00FBC0057635D /* Assets.xcassets */,
				4CBFD25A2AE00FBC0057635D /* Preview Content */,
				4CBFD27E2AE012FC0057635D /* CarouselView.swift */,
			);
			path = ShopDemo;
			sourceTree = "<group>";
		};
		4CBFD25A2AE00FBC0057635D /* Preview Content */ = {
			isa = PBXGroup;
			children = (
				4CBFD25B2AE00FBC0057635D /* Preview Assets.xcassets */,
				4CBFD2802AE0131B0057635D /* ShopView.swift */,
			);
			path = "Preview Content";
			sourceTree = "<group>";
		};
		4CBFD2642AE00FBC0057635D /* ShopDemoTests */ = {
			isa = PBXGroup;
			children = (
				4CBFD2652AE00FBC0057635D /* ShopDemoTests.swift */,
			);
			path = ShopDemoTests;
			sourceTree = "<group>";
		};
		4CBFD26E2AE00FBC0057635D /* ShopDemoUITests */ = {
			isa = PBXGroup;
			children = (
				4CBFD26F2AE00FBC0057635D /* ShopDemoUITests.swift */,
				4CBFD2712AE00FBC0057635D /* ShopDemoUITestsLaunchTests.swift */,
			);
			path = ShopDemoUITests;
			sourceTree = "<group>";
		};
/* End PBXGroup section */

/* Begin PBXNativeTarget section */
		4CBFD2502AE00FBA0057635D /* ShopDemo */ = {
			isa = PBXNativeTarget;
			buildConfigurationList = 4CBFD2752AE00FBC0057635D /* Build configuration list for PBXNativeTarget "ShopDemo" */;
			buildPhases = (
				4CBFD24D2AE00FBA0057635D /* Sources */,
				4CBFD24E2AE00FBA0057635D /* Frameworks */,
				4CBFD24F2AE00FBA0057635D /* Resources */,
			);
			buildRules = (
			);
			dependencies = (
			);
			name = ShopDemo;
			productName = ShopDemo;
			productReference = 4CBFD2512AE00FBA0057635D /* ShopDemo.app */;
			productType = "com.apple.product-type.application";
		};
		4CBFD2602AE00FBC0057635D /* ShopDemoTests */ = {
			isa = PBXNativeTarget;
			buildConfigurationList = 4CBFD2782AE00FBC0057635D /* Build configuration list for PBXNativeTarget "ShopDemoTests" */;
			buildPhases = (
				4CBFD25D2AE00FBC0057635D /* Sources */,
				4CBFD25E2AE00FBC0057635D /* Frameworks */,
				4CBFD25F2AE00FBC0057635D /* Resources */,
			);
			buildRules = (
			);
			dependencies = (
				4CBFD2632AE00FBC0057635D /* PBXTargetDependency */,
			);
			name = ShopDemoTests;
			productName = ShopDemoTests;
			productReference = 4CBFD2612AE00FBC0057635D /* ShopDemoTests.xctest */;
			productType = "com.apple.product-type.bundle.unit-test";
		};
		4CBFD26A2AE00FBC0057635D /* ShopDemoUITests */ = {
			isa = PBXNativeTarget;
			buildConfigurationList = 4CBFD27B2AE00FBC0057635D /* Build configuration list for PBXNativeTarget "ShopDemoUITests" */;
			buildPhases = (
				4CBFD2672AE00FBC0057635D /* Sources */,
				4CBFD2682AE00FBC0057635D /* Frameworks */,
				4CBFD2692AE00FBC0057635D /* Resources */,
			);
			buildRules = (
			);
			dependencies = (
				4CBFD26D2AE00FBC0057635D /* PBXTargetDependency */,
			);
			name = ShopDemoUITests;
			productName = ShopDemoUITests;
			productReference = 4CBFD26B2AE00FBC0057635D /* ShopDemoUITests.xctest */;
			productType = "com.apple.product-type.bundle.ui-testing";
		};
/* End PBXNativeTarget section */

/* Begin PBXProject section */
		4CBFD2492AE00FBA0057635D /* Project object */ = {
			isa = PBXProject;
			attributes = {
				BuildIndependentTargetsInParallel = 1;
				LastSwiftUpdateCheck = 1500;
				LastUpgradeCheck = 1500;
				TargetAttributes = {
					4CBFD2502AE00FBA0057635D = {
						CreatedOnToolsVersion = 15.0;
					};
					4CBFD2602AE00FBC0057635D = {
						CreatedOnToolsVersion = 15.0;
						TestTargetID = 4CBFD2502AE00FBA0057635D;
					};
					4CBFD26A2AE00FBC0057635D = {
						CreatedOnToolsVersion = 15.0;
						TestTargetID = 4CBFD2502AE00FBA0057635D;
					};
				};
			};
			buildConfigurationList = 4CBFD24C2AE00FBA0057635D /* Build configuration list for PBXProject "ShopDemo" */;
			compatibilityVersion = "Xcode 14.0";
			developmentRegion = en;
			hasScannedForEncodings = 0;
			knownRegions = (
				en,
				Base,
			);
			mainGroup = 4CBFD2482AE00FBA0057635D;
			productRefGroup = 4CBFD2522AE00FBA0057635D /* Products */;
			projectDirPath = "";
			projectRoot = "";
			targets = (
				4CBFD2502AE00FBA0057635D /* ShopDemo */,
				4CBFD2602AE00FBC0057635D /* ShopDemoTests */,
				4CBFD26A2AE00FBC0057635D /* ShopDemoUITests */,
			);
		};
/* End PBXProject section */

/* Begin PBXResourcesBuildPhase section */
		4CBFD24F2AE00FBA0057635D /* Resources */ = {
			isa = PBXResourcesBuildPhase;
			buildActionMask = 2147483647;
			files = (
				4CBFD25C2AE00FBC0057635D /* Preview Assets.xcassets in Resources */,
				4CBFD2592AE00FBC0057635D /* Assets.xcassets in Resources */,
			);
			runOnlyForDeploymentPostprocessing = 0;
		};
		4CBFD25F2AE00FBC0057635D /* Resources */ = {
			isa = PBXResourcesBuildPhase;
			buildActionMask = 2147483647;
			files = (
			);
			runOnlyForDeploymentPostprocessing = 0;
		};
		4CBFD2692AE00FBC0057635D /* Resources */ = {
			isa = PBXResourcesBuildPhase;
			buildActionMask = 2147483647;
			files = (
			);
			runOnlyForDeploymentPostprocessing = 0;
		};
/* End PBXResourcesBuildPhase section */

/* Begin PBXSourcesBuildPhase section */
		4CBFD24D2AE00FBA0057635D /* Sources */ = {
			isa = PBXSourcesBuildPhase;
			buildActionMask = 2147483647;
			files = (
				4CBFD2572AE00FBA0057635D /* ContentView.swift in Sources */,
				4CBFD27F2AE012FC0057635D /* CarouselView.swift in Sources */,
				4CBFD2812AE0131B0057635D /* ShopView.swift in Sources */,
				4CBFD2552AE00FBA0057635D /* ShopDemoApp.swift in Sources */,
			);
			runOnlyForDeploymentPostprocessing = 0;
		};
		4CBFD25D2AE00FBC0057635D /* Sources */ = {
			isa = PBXSourcesBuildPhase;
			buildActionMask = 2147483647;
			files = (
				4CBFD2662AE00FBC0057635D /* ShopDemoTests.swift in Sources */,
			);
			runOnlyForDeploymentPostprocessing = 0;
		};
		4CBFD2672AE00FBC0057635D /* Sources */ = {
			isa = PBXSourcesBuildPhase;
			buildActionMask = 2147483647;
			files = (
				4CBFD2722AE00FBC0057635D /* ShopDemoUITestsLaunchTests.swift in Sources */,
				4CBFD2702AE00FBC0057635D /* ShopDemoUITests.swift in Sources */,
			);
			runOnlyForDeploymentPostprocessing = 0;
		};
/* End PBXSourcesBuildPhase section */

/* Begin PBXTargetDependency section */
		4CBFD2632AE00FBC0057635D /* PBXTargetDependency */ = {
			isa = PBXTargetDependency;
			target = 4CBFD2502AE00FBA0057635D /* ShopDemo */;
			targetProxy = 4CBFD2622AE00FBC0057635D /* PBXContainerItemProxy */;
		};
		4CBFD26D2AE00FBC0057635D /* PBXTargetDependency */ = {
			isa = PBXTargetDependency;
			target = 4CBFD2502AE00FBA0057635D /* ShopDemo */;
			targetProxy = 4CBFD26C2AE00FBC0057635D /* PBXContainerItemProxy */;
		};
/* End PBXTargetDependency section */

/* Begin XCBuildConfiguration section */
		4CBFD2732AE00FBC0057635D /* Debug */ = {
			isa = XCBuildConfiguration;
			buildSettings = {
				ALWAYS_SEARCH_USER_PATHS = NO;
				ASSETCATALOG_COMPILER_GENERATE_SWIFT_ASSET_SYMBOL_EXTENSIONS = YES;
				CLANG_ANALYZER_NONNULL = YES;
				CLANG_ANALYZER_NUMBER_OBJECT_CONVERSION = YES_AGGRESSIVE;
				CLANG_CXX_LANGUAGE_STANDARD = "gnu++20";
				CLANG_ENABLE_MODULES = YES;
				CLANG_ENABLE_OBJC_ARC = YES;
				CLANG_ENABLE_OBJC_WEAK = YES;
				CLANG_WARN_BLOCK_CAPTURE_AUTORELEASING = YES;
				CLANG_WARN_BOOL_CONVERSION = YES;
				CLANG_WARN_COMMA = YES;
				CLANG_WARN_CONSTANT_CONVERSION = YES;
				CLANG_WARN_DEPRECATED_OBJC_IMPLEMENTATIONS = YES;
				CLANG_WARN_DIRECT_OBJC_ISA_USAGE = YES_ERROR;
				CLANG_WARN_DOCUMENTATION_COMMENTS = YES;
				CLANG_WARN_EMPTY_BODY = YES;
				CLANG_WARN_ENUM_CONVERSION = YES;
				CLANG_WARN_INFINITE_RECURSION = YES;
				CLANG_WARN_INT_CONVERSION = YES;
				CLANG_WARN_NON_LITERAL_NULL_CONVERSION = YES;
				CLANG_WARN_OBJC_IMPLICIT_RETAIN_SELF = YES;
				CLANG_WARN_OBJC_LITERAL_CONVERSION = YES;
				CLANG_WARN_OBJC_ROOT_CLASS = YES_ERROR;
				CLANG_WARN_QUOTED_INCLUDE_IN_FRAMEWORK_HEADER = YES;
				CLANG_WARN_RANGE_LOOP_ANALYSIS = YES;
				CLANG_WARN_STRICT_PROTOTYPES = YES;
				CLANG_WARN_SUSPICIOUS_MOVE = YES;
				CLANG_WARN_UNGUARDED_AVAILABILITY = YES_AGGRESSIVE;
				CLANG_WARN_UNREACHABLE_CODE = YES;
				CLANG_WARN__DUPLICATE_METHOD_MATCH = YES;
				COPY_PHASE_STRIP = NO;
				DEBUG_INFORMATION_FORMAT = dwarf;
				ENABLE_STRICT_OBJC_MSGSEND = YES;
				ENABLE_TESTABILITY = YES;
				ENABLE_USER_SCRIPT_SANDBOXING = YES;
				GCC_C_LANGUAGE_STANDARD = gnu17;
				GCC_DYNAMIC_NO_PIC = NO;
				GCC_NO_COMMON_BLOCKS = YES;
				GCC_OPTIMIZATION_LEVEL = 0;
				GCC_PREPROCESSOR_DEFINITIONS = (
					"DEBUG=1",
					"$(inherited)",
				);
				GCC_WARN_64_TO_32_BIT_CONVERSION = YES;
				GCC_WARN_ABOUT_RETURN_TYPE = YES_ERROR;
				GCC_WARN_UNDECLARED_SELECTOR = YES;
				GCC_WARN_UNINITIALIZED_AUTOS = YES_AGGRESSIVE;
				GCC_WARN_UNUSED_FUNCTION = YES;
				GCC_WARN_UNUSED_VARIABLE = YES;
				IPHONEOS_DEPLOYMENT_TARGET = 17.0;
				LOCALIZATION_PREFERS_STRING_CATALOGS = YES;
				MTL_ENABLE_DEBUG_INFO = INCLUDE_SOURCE;
				MTL_FAST_MATH = YES;
				ONLY_ACTIVE_ARCH = YES;
				SDKROOT = iphoneos;
				SWIFT_ACTIVE_COMPILATION_CONDITIONS = "DEBUG $(inherited)";
				SWIFT_OPTIMIZATION_LEVEL = "-Onone";
			};
			name = Debug;
		};
		4CBFD2742AE00FBC0057635D /* Release */ = {
			isa = XCBuildConfiguration;
			buildSettings = {
				ALWAYS_SEARCH_USER_PATHS = NO;
				ASSETCATALOG_COMPILER_GENERATE_SWIFT_ASSET_SYMBOL_EXTENSIONS = YES;
				CLANG_ANALYZER_NONNULL = YES;
				CLANG_ANALYZER_NUMBER_OBJECT_CONVERSION = YES_AGGRESSIVE;
				CLANG_CXX_LANGUAGE_STANDARD = "gnu++20";
				CLANG_ENABLE_MODULES = YES;
				CLANG_ENABLE_OBJC_ARC = YES;
				CLANG_ENABLE_OBJC_WEAK = YES;
				CLANG_WARN_BLOCK_CAPTURE_AUTORELEASING = YES;
				CLANG_WARN_BOOL_CONVERSION = YES;
				CLANG_WARN_COMMA = YES;
				CLANG_WARN_CONSTANT_CONVERSION = YES;
				CLANG_WARN_DEPRECATED_OBJC_IMPLEMENTATIONS = YES;
				CLANG_WARN_DIRECT_OBJC_ISA_USAGE = YES_ERROR;
				CLANG_WARN_DOCUMENTATION_COMMENTS = YES;
				CLANG_WARN_EMPTY_BODY = YES;
				CLANG_WARN_ENUM_CONVERSION = YES;
				CLANG_WARN_INFINITE_RECURSION = YES;
				CLANG_WARN_INT_CONVERSION = YES;
				CLANG_WARN_NON_LITERAL_NULL_CONVERSION = YES;
				CLANG_WARN_OBJC_IMPLICIT_RETAIN_SELF = YES;
				CLANG_WARN_OBJC_LITERAL_CONVERSION = YES;
				CLANG_WARN_OBJC_ROOT_CLASS = YES_ERROR;
				CLANG_WARN_QUOTED_INCLUDE_IN_FRAMEWORK_HEADER = YES;
				CLANG_WARN_RANGE_LOOP_ANALYSIS = YES;
				CLANG_WARN_STRICT_PROTOTYPES = YES;
				CLANG_WARN_SUSPICIOUS_MOVE = YES;
				CLANG_WARN_UNGUARDED_AVAILABILITY = YES_AGGRESSIVE;
				CLANG_WARN_UNREACHABLE_CODE = YES;
				CLANG_WARN__DUPLICATE_METHOD_MATCH = YES;
				COPY_PHASE_STRIP = NO;
				DEBUG_INFORMATION_FORMAT = "dwarf-with-dsym";
				ENABLE_NS_ASSERTIONS = NO;
				ENABLE_STRICT_OBJC_MSGSEND = YES;
				ENABLE_USER_SCRIPT_SANDBOXING = YES;
				GCC_C_LANGUAGE_STANDARD = gnu17;
				GCC_NO_COMMON_BLOCKS = YES;
				GCC_WARN_64_TO_32_BIT_CONVERSION = YES;
				GCC_WARN_ABOUT_RETURN_TYPE = YES_ERROR;
				GCC_WARN_UNDECLARED_SELECTOR = YES;
				GCC_WARN_UNINITIALIZED_AUTOS = YES_AGGRESSIVE;
				GCC_WARN_UNUSED_FUNCTION = YES;
				GCC_WARN_UNUSED_VARIABLE = YES;
				IPHONEOS_DEPLOYMENT_TARGET = 17.0;
				LOCALIZATION_PREFERS_STRING_CATALOGS = YES;
				MTL_ENABLE_DEBUG_INFO = NO;
				MTL_FAST_MATH = YES;
				SDKROOT = iphoneos;
				SWIFT_COMPILATION_MODE = wholemodule;
				VALIDATE_PRODUCT = YES;
			};
			name = Release;
		};
		4CBFD2762AE00FBC0057635D /* Debug */ = {
			isa = XCBuildConfiguration;
			buildSettings = {
				ASSETCATALOG_COMPILER_APPICON_NAME = AppIcon;
				ASSETCATALOG_COMPILER_GLOBAL_ACCENT_COLOR_NAME = AccentColor;
				CODE_SIGN_STYLE = Automatic;
				CURRENT_PROJECT_VERSION = 1;
				DEVELOPMENT_ASSET_PATHS = "\"ShopDemo/Preview Content\"";
				ENABLE_PREVIEWS = YES;
				GENERATE_INFOPLIST_FILE = YES;
				INFOPLIST_KEY_UIApplicationSceneManifest_Generation = YES;
				INFOPLIST_KEY_UIApplicationSupportsIndirectInputEvents = YES;
				INFOPLIST_KEY_UILaunchScreen_Generation = YES;
				INFOPLIST_KEY_UISupportedInterfaceOrientations_iPad = "UIInterfaceOrientationPortrait UIInterfaceOrientationPortraitUpsideDown UIInterfaceOrientationLandscapeLeft UIInterfaceOrientationLandscapeRight";
				INFOPLIST_KEY_UISupportedInterfaceOrientations_iPhone = "UIInterfaceOrientationPortrait UIInterfaceOrientationLandscapeLeft UIInterfaceOrientationLandscapeRight";
				LD_RUNPATH_SEARCH_PATHS = (
					"$(inherited)",
					"@executable_path/Frameworks",
				);
				MARKETING_VERSION = 1.0;
				PRODUCT_BUNDLE_IDENTIFIER = a.ShopDemo;
				PRODUCT_NAME = "$(TARGET_NAME)";
				SWIFT_EMIT_LOC_STRINGS = YES;
				SWIFT_VERSION = 5.0;
				TARGETED_DEVICE_FAMILY = "1,2";
			};
			name = Debug;
		};
		4CBFD2772AE00FBC0057635D /* Release */ = {
			isa = XCBuildConfiguration;
			buildSettings = {
				ASSETCATALOG_COMPILER_APPICON_NAME = AppIcon;
				ASSETCATALOG_COMPILER_GLOBAL_ACCENT_COLOR_NAME = AccentColor;
				CODE_SIGN_STYLE = Automatic;
				CURRENT_PROJECT_VERSION = 1;
				DEVELOPMENT_ASSET_PATHS = "\"ShopDemo/Preview Content\"";
				ENABLE_PREVIEWS = YES;
				GENERATE_INFOPLIST_FILE = YES;
				INFOPLIST_KEY_UIApplicationSceneManifest_Generation = YES;
				INFOPLIST_KEY_UIApplicationSupportsIndirectInputEvents = YES;
				INFOPLIST_KEY_UILaunchScreen_Generation = YES;
				INFOPLIST_KEY_UISupportedInterfaceOrientations_iPad = "UIInterfaceOrientationPortrait UIInterfaceOrientationPortraitUpsideDown UIInterfaceOrientationLandscapeLeft UIInterfaceOrientationLandscapeRight";
				INFOPLIST_KEY_UISupportedInterfaceOrientations_iPhone = "UIInterfaceOrientationPortrait UIInterfaceOrientationLandscapeLeft UIInterfaceOrientationLandscapeRight";
				LD_RUNPATH_SEARCH_PATHS = (
					"$(inherited)",
					"@executable_path/Frameworks",
				);
				MARKETING_VERSION = 1.0;
				PRODUCT_BUNDLE_IDENTIFIER = a.ShopDemo;
				PRODUCT_NAME = "$(TARGET_NAME)";
				SWIFT_EMIT_LOC_STRINGS = YES;
				SWIFT_VERSION = 5.0;
				TARGETED_DEVICE_FAMILY = "1,2";
			};
			name = Release;
		};
		4CBFD2792AE00FBC0057635D /* Debug */ = {
			isa = XCBuildConfiguration;
			buildSettings = {
				ALWAYS_EMBED_SWIFT_STANDARD_LIBRARIES = YES;
				BUNDLE_LOADER = "$(TEST_HOST)";
				CODE_SIGN_STYLE = Automatic;
				CURRENT_PROJECT_VERSION = 1;
				GENERATE_INFOPLIST_FILE = YES;
				IPHONEOS_DEPLOYMENT_TARGET = 17.0;
				MARKETING_VERSION = 1.0;
				PRODUCT_BUNDLE_IDENTIFIER = a.ShopDemoTests;
				PRODUCT_NAME = "$(TARGET_NAME)";
				SWIFT_EMIT_LOC_STRINGS = NO;
				SWIFT_VERSION = 5.0;
				TARGETED_DEVICE_FAMILY = "1,2";
				TEST_HOST = "$(BUILT_PRODUCTS_DIR)/ShopDemo.app/$(BUNDLE_EXECUTABLE_FOLDER_PATH)/ShopDemo";
			};
			name = Debug;
		};
		4CBFD27A2AE00FBC0057635D /* Release */ = {
			isa = XCBuildConfiguration;
			buildSettings = {
				ALWAYS_EMBED_SWIFT_STANDARD_LIBRARIES = YES;
				BUNDLE_LOADER = "$(TEST_HOST)";
				CODE_SIGN_STYLE = Automatic;
				CURRENT_PROJECT_VERSION = 1;
				GENERATE_INFOPLIST_FILE = YES;
				IPHONEOS_DEPLOYMENT_TARGET = 17.0;
				MARKETING_VERSION = 1.0;
				PRODUCT_BUNDLE_IDENTIFIER = a.ShopDemoTests;
				PRODUCT_NAME = "$(TARGET_NAME)";
				SWIFT_EMIT_LOC_STRINGS = NO;
				SWIFT_VERSION = 5.0;
				TARGETED_DEVICE_FAMILY = "1,2";
				TEST_HOST = "$(BUILT_PRODUCTS_DIR)/ShopDemo.app/$(BUNDLE_EXECUTABLE_FOLDER_PATH)/ShopDemo";
			};
			name = Release;
		};
		4CBFD27C2AE00FBC0057635D /* Debug */ = {
			isa = XCBuildConfiguration;
			buildSettings = {
				ALWAYS_EMBED_SWIFT_STANDARD_LIBRARIES = YES;
				CODE_SIGN_STYLE = Automatic;
				CURRENT_PROJECT_VERSION = 1;
				GENERATE_INFOPLIST_FILE = YES;
				MARKETING_VERSION = 1.0;
				PRODUCT_BUNDLE_IDENTIFIER = a.ShopDemoUITests;
				PRODUCT_NAME = "$(TARGET_NAME)";
				SWIFT_EMIT_LOC_STRINGS = NO;
				SWIFT_VERSION = 5.0;
				TARGETED_DEVICE_FAMILY = "1,2";
				TEST_TARGET_NAME = ShopDemo;
			};
			name = Debug;
		};
		4CBFD27D2AE00FBC0057635D /* Release */ = {
			isa = XCBuildConfiguration;
			buildSettings = {
				ALWAYS_EMBED_SWIFT_STANDARD_LIBRARIES = YES;
				CODE_SIGN_STYLE = Automatic;
				CURRENT_PROJECT_VERSION = 1;
				GENERATE_INFOPLIST_FILE = YES;
				MARKETING_VERSION = 1.0;
				PRODUCT_BUNDLE_IDENTIFIER = a.ShopDemoUITests;
				PRODUCT_NAME = "$(TARGET_NAME)";
				SWIFT_EMIT_LOC_STRINGS = NO;
				SWIFT_VERSION = 5.0;
				TARGETED_DEVICE_FAMILY = "1,2";
				TEST_TARGET_NAME = ShopDemo;
			};
			name = Release;
		};
/* End XCBuildConfiguration section */

/* Begin XCConfigurationList section */
		4CBFD24C2AE00FBA0057635D /* Build configuration list for PBXProject "ShopDemo" */ = {
			isa = XCConfigurationList;
			buildConfigurations = (
				4CBFD2732AE00FBC0057635D /* Debug */,
				4CBFD2742AE00FBC0057635D /* Release */,
			);
			defaultConfigurationIsVisible = 0;
			defaultConfigurationName = Release;
		};
		4CBFD2752AE00FBC0057635D /* Build configuration list for PBXNativeTarget "ShopDemo" */ = {
			isa = XCConfigurationList;
			buildConfigurations = (
				4CBFD2762AE00FBC0057635D /* Debug */,
				4CBFD2772AE00FBC0057635D /* Release */,
			);
			defaultConfigurationIsVisible = 0;
			defaultConfigurationName = Release;
		};
		4CBFD2782AE00FBC0057635D /* Build configuration list for PBXNativeTarget "ShopDemoTests" */ = {
			isa = XCConfigurationList;
			buildConfigurations = (
				4CBFD2792AE00FBC0057635D /* Debug */,
				4CBFD27A2AE00FBC0057635D /* Release */,
			);
			defaultConfigurationIsVisible = 0;
			defaultConfigurationName = Release;
		};
		4CBFD27B2AE00FBC0057635D /* Build configuration list for PBXNativeTarget "ShopDemoUITests" */ = {
			isa = XCConfigurationList;
			buildConfigurations = (
				4CBFD27C2AE00FBC0057635D /* Debug */,
				4CBFD27D2AE00FBC0057635D /* Release */,
			);
			defaultConfigurationIsVisible = 0;
			defaultConfigurationName = Release;
		};
/* End XCConfigurationList section */
	};
	rootObject = 4CBFD2492AE00FBA0057635D /* Project object */;
}
